
Microsoft Visual Studio Solution File, Format Version 12.00
# Visual Studio Version 17
VisualStudioVersion = 17.6.33815.320
MinimumVisualStudioVersion = 10.0.40219.1
Project("{FAE04EC0-301F-11D3-BF4B-00C04F79EFBC}") = "Example_DB2", "Example_DB2\Example_DB2.csproj", "{0D649106-3040-4052-AF50-6EBCC752482E}"
EndProject
Project("{FAE04EC0-301F-11D3-BF4B-00C04F79EFBC}") = "Model", "Model\Model.csproj", "{003D6E9E-7460-46BA-9EDA-14EB912DC9C2}"
EndProject
Project("{FAE04EC0-301F-11D3-BF4B-00C04F79EFBC}") = "ViewModel", "ViewModel\ViewModel.csproj", "{2BE2F270-B148-4C2D-9737-63251ECC73C1}"
EndProject
Global
	GlobalSection(SolutionConfigurationPlatforms) = preSolution
		Debug|Any CPU = Debug|Any CPU
		Release|Any CPU = Release|Any CPU
	EndGlobalSection
	GlobalSection(ProjectConfigurationPlatforms) = postSolution
		{0D649106-3040-4052-AF50-6EBCC752482E}.Debug|Any CPU.ActiveCfg = Debug|Any CPU
		{0D649106-3040-4052-AF50-6EBCC752482E}.Debug|Any CPU.Build.0 = Debug|Any CPU
		{0D649106-3040-4052-AF50-6EBCC752482E}.Release|Any CPU.ActiveCfg = Release|Any CPU
		{0D649106-3040-4052-AF50-6EBCC752482E}.Release|Any CPU.Build.0 = Release|Any CPU
		{003D6E9E-7460-46BA-9EDA-14EB912DC9C2}.Debug|Any CPU.ActiveCfg = Debug|Any CPU
		{003D6E9E-7460-46BA-9EDA-14EB912DC9C2}.Debug|Any CPU.Build.0 = Debug|Any CPU
		{003D6E9E-7460-46BA-9EDA-14EB912DC9C2}.Release|Any CPU.ActiveCfg = Release|Any CPU
		{003D6E9E-7460-46BA-9EDA-14EB912DC9C2}.Release|Any CPU.Build.0 = Release|Any CPU
		{2BE2F270-B148-4C2D-9737-63251ECC73C1}.Debug|Any CPU.ActiveCfg = Debug|Any CPU
		{2BE2F270-B148-4C2D-9737-63251ECC73C1}.Debug|Any CPU.Build.0 = Debug|Any CPU
		{2BE2F270-B148-4C2D-9737-63251ECC73C1}.Release|Any CPU.ActiveCfg = Release|Any CPU
		{2BE2F270-B148-4C2D-9737-63251ECC73C1}.Release|Any CPU.Build.0 = Release|Any CPU
	EndGlobalSection
	GlobalSection(SolutionProperties) = preSolution
		HideSolutionNode = FALSE
	EndGlobalSection
	GlobalSection(ExtensibilityGlobals) = postSolution
		SolutionGuid = {FA99AC23-CD2D-4B05-AD01-F73F80B4F184}
	EndGlobalSection
EndGlobal
